// !$*UTF8*$!
{
	archiveVersion = 1;
	classes = {
	};
	objectVersion = 51;
	objects = {

/* Begin PBXBuildFile section */
		3A492734234275CF0083614A /* PostViewController.swift in Sources */ = {isa = PBXBuildFile; fileRef = 3A492733234275CF0083614A /* PostViewController.swift */; };
		3AFEFD4F232ABA2800C026D1 /* AppDelegate.swift in Sources */ = {isa = PBXBuildFile; fileRef = 3AFEFD4E232ABA2800C026D1 /* AppDelegate.swift */; };
		3AFEFD51232ABA2800C026D1 /* ViewController.swift in Sources */ = {isa = PBXBuildFile; fileRef = 3AFEFD50232ABA2800C026D1 /* ViewController.swift */; };
		3AFEFD54232ABA2800C026D1 /* Main.storyboard in Resources */ = {isa = PBXBuildFile; fileRef = 3AFEFD52232ABA2800C026D1 /* Main.storyboard */; };
		3AFEFD56232ABA2900C026D1 /* Assets.xcassets in Resources */ = {isa = PBXBuildFile; fileRef = 3AFEFD55232ABA2900C026D1 /* Assets.xcassets */; };
		3AFEFD59232ABA2900C026D1 /* LaunchScreen.storyboard in Resources */ = {isa = PBXBuildFile; fileRef = 3AFEFD57232ABA2900C026D1 /* LaunchScreen.storyboard */; };
		69B04E7B2346EE810077E809 /* SignUpViewController.swift in Sources */ = {isa = PBXBuildFile; fileRef = 69B04E7A2346EE810077E809 /* SignUpViewController.swift */; };
		843316232341485800E6A66D /* TableViewController.swift in Sources */ = {isa = PBXBuildFile; fileRef = 843316222341485800E6A66D /* TableViewController.swift */; };
		843316252341487000E6A66D /* TableViewCell.swift in Sources */ = {isa = PBXBuildFile; fileRef = 843316242341487000E6A66D /* TableViewCell.swift */; };
		8440F19E23459F8C005387AC /* profilePage.swift in Sources */ = {isa = PBXBuildFile; fileRef = 8440F19D23459F8C005387AC /* profilePage.swift */; };
		8440F1A02345AE11005387AC /* profilePageSettings.swift in Sources */ = {isa = PBXBuildFile; fileRef = 8440F19F2345AE11005387AC /* profilePageSettings.swift */; };
		991CEAF8D1ED8BB0B3639601 /* Pods_openMic.framework in Frameworks */ = {isa = PBXBuildFile; fileRef = 4A05E7738A6A4FCA3201F8C9 /* Pods_openMic.framework */; };
/* End PBXBuildFile section */

/* Begin PBXFileReference section */
		1B8E78768EDD8A4FDDC63FBB /* Pods-openMic.release.xcconfig */ = {isa = PBXFileReference; includeInIndex = 1; lastKnownFileType = text.xcconfig; name = "Pods-openMic.release.xcconfig"; path = "Target Support Files/Pods-openMic/Pods-openMic.release.xcconfig"; sourceTree = "<group>"; };
		3A482E2F234785A600008CF1 /* README.md */ = {isa = PBXFileReference; lastKnownFileType = net.daringfireball.markdown; path = README.md; sourceTree = "<group>"; };
		3A492733234275CF0083614A /* PostViewController.swift */ = {isa = PBXFileReference; lastKnownFileType = sourcecode.swift; path = PostViewController.swift; sourceTree = "<group>"; };
		3AF454B5234512ED00A113F3 /* openMic-Bridging-Header.h */ = {isa = PBXFileReference; lastKnownFileType = sourcecode.c.h; path = "openMic-Bridging-Header.h"; sourceTree = "<group>"; };
		3AFEFD4B232ABA2800C026D1 /* openMic.app */ = {isa = PBXFileReference; explicitFileType = wrapper.application; includeInIndex = 0; path = openMic.app; sourceTree = BUILT_PRODUCTS_DIR; };
		3AFEFD4E232ABA2800C026D1 /* AppDelegate.swift */ = {isa = PBXFileReference; lastKnownFileType = sourcecode.swift; path = AppDelegate.swift; sourceTree = "<group>"; };
		3AFEFD50232ABA2800C026D1 /* ViewController.swift */ = {isa = PBXFileReference; lastKnownFileType = sourcecode.swift; path = ViewController.swift; sourceTree = "<group>"; };
		3AFEFD53232ABA2800C026D1 /* Base */ = {isa = PBXFileReference; lastKnownFileType = file.storyboard; name = Base; path = Base.lproj/Main.storyboard; sourceTree = "<group>"; };
		3AFEFD55232ABA2900C026D1 /* Assets.xcassets */ = {isa = PBXFileReference; lastKnownFileType = folder.assetcatalog; path = Assets.xcassets; sourceTree = "<group>"; };
		3AFEFD58232ABA2900C026D1 /* Base */ = {isa = PBXFileReference; lastKnownFileType = file.storyboard; name = Base; path = Base.lproj/LaunchScreen.storyboard; sourceTree = "<group>"; };
		3AFEFD5A232ABA2900C026D1 /* Info.plist */ = {isa = PBXFileReference; lastKnownFileType = text.plist.xml; path = Info.plist; sourceTree = "<group>"; };
		69B04E7A2346EE810077E809 /* SignUpViewController.swift */ = {isa = PBXFileReference; lastKnownFileType = sourcecode.swift; path = SignUpViewController.swift; sourceTree = "<group>"; };
		4A05E7738A6A4FCA3201F8C9 /* Pods_openMic.framework */ = {isa = PBXFileReference; explicitFileType = wrapper.framework; includeInIndex = 0; path = Pods_openMic.framework; sourceTree = BUILT_PRODUCTS_DIR; };
		843316222341485800E6A66D /* TableViewController.swift */ = {isa = PBXFileReference; lastKnownFileType = sourcecode.swift; path = TableViewController.swift; sourceTree = "<group>"; };
		843316242341487000E6A66D /* TableViewCell.swift */ = {isa = PBXFileReference; lastKnownFileType = sourcecode.swift; path = TableViewCell.swift; sourceTree = "<group>"; };
		8440F19D23459F8C005387AC /* profilePage.swift */ = {isa = PBXFileReference; lastKnownFileType = sourcecode.swift; path = profilePage.swift; sourceTree = "<group>"; };
		8440F19F2345AE11005387AC /* profilePageSettings.swift */ = {isa = PBXFileReference; lastKnownFileType = sourcecode.swift; path = profilePageSettings.swift; sourceTree = "<group>"; };
		85B34AB5C8DAB3C526B3A8FF /* Pods-openMic.debug.xcconfig */ = {isa = PBXFileReference; includeInIndex = 1; lastKnownFileType = text.xcconfig; name = "Pods-openMic.debug.xcconfig"; path = "Target Support Files/Pods-openMic/Pods-openMic.debug.xcconfig"; sourceTree = "<group>"; };
/* End PBXFileReference section */

/* Begin PBXFrameworksBuildPhase section */
		3AFEFD48232ABA2800C026D1 /* Frameworks */ = {
			isa = PBXFrameworksBuildPhase;
			buildActionMask = 2147483647;
			files = (
				991CEAF8D1ED8BB0B3639601 /* Pods_openMic.framework in Frameworks */,
			);
			runOnlyForDeploymentPostprocessing = 0;
		};
/* End PBXFrameworksBuildPhase section */

/* Begin PBXGroup section */
		3AFEFD42232ABA2800C026D1 = {
			isa = PBXGroup;
			children = (
				3A482E2F234785A600008CF1 /* README.md */,
				3AFEFD4D232ABA2800C026D1 /* openMic */,
				3AFEFD4C232ABA2800C026D1 /* Products */,
				675E37314C4428033E4BF7E6 /* Pods */,
				454F01A224C0183E6C9293F8 /* Frameworks */,
			);
			sourceTree = "<group>";
		};
		3AFEFD4C232ABA2800C026D1 /* Products */ = {
			isa = PBXGroup;
			children = (
				3AFEFD4B232ABA2800C026D1 /* openMic.app */,
			);
			name = Products;
			sourceTree = "<group>";
		};
		3AFEFD4D232ABA2800C026D1 /* openMic */ = {
			isa = PBXGroup;
			children = (
				3AFEFD4E232ABA2800C026D1 /* AppDelegate.swift */,
				3AFEFD50232ABA2800C026D1 /* ViewController.swift */,
				3AFEFD52232ABA2800C026D1 /* Main.storyboard */,
				8440F19F2345AE11005387AC /* profilePageSettings.swift */,
				8440F19D23459F8C005387AC /* profilePage.swift */,
				843316242341487000E6A66D /* TableViewCell.swift */,
				843316222341485800E6A66D /* TableViewController.swift */,
				69B04E7A2346EE810077E809 /* SignUpViewController.swift */,
				3AFEFD55232ABA2900C026D1 /* Assets.xcassets */,
				3AFEFD57232ABA2900C026D1 /* LaunchScreen.storyboard */,
				3AFEFD5A232ABA2900C026D1 /* Info.plist */,
				3A492733234275CF0083614A /* PostViewController.swift */,
				3AF454B5234512ED00A113F3 /* openMic-Bridging-Header.h */,
			);
			path = openMic;
			sourceTree = "<group>";
		};
		454F01A224C0183E6C9293F8 /* Frameworks */ = {
			isa = PBXGroup;
			children = (
				4A05E7738A6A4FCA3201F8C9 /* Pods_openMic.framework */,
			);
			name = Frameworks;
			sourceTree = "<group>";
		};
		675E37314C4428033E4BF7E6 /* Pods */ = {
			isa = PBXGroup;
			children = (
				85B34AB5C8DAB3C526B3A8FF /* Pods-openMic.debug.xcconfig */,
				1B8E78768EDD8A4FDDC63FBB /* Pods-openMic.release.xcconfig */,
			);
			path = Pods;
			sourceTree = "<group>";
		};
/* End PBXGroup section */

/* Begin PBXNativeTarget section */
		3AFEFD4A232ABA2800C026D1 /* openMic */ = {
			isa = PBXNativeTarget;
			buildConfigurationList = 3AFEFD5D232ABA2900C026D1 /* Build configuration list for PBXNativeTarget "openMic" */;
			buildPhases = (
				830572AADFC57FA1BBFB5222 /* [CP] Check Pods Manifest.lock */,
				3AFEFD47232ABA2800C026D1 /* Sources */,
				3AFEFD48232ABA2800C026D1 /* Frameworks */,
				3AFEFD49232ABA2800C026D1 /* Resources */,
				497434D1F8DE3AACBB4D5A4A /* [CP] Embed Pods Frameworks */,
			);
			buildRules = (
			);
			dependencies = (
			);
			name = openMic;
			productName = openMic;
			productReference = 3AFEFD4B232ABA2800C026D1 /* openMic.app */;
			productType = "com.apple.product-type.application";
		};
/* End PBXNativeTarget section */

/* Begin PBXProject section */
		3AFEFD43232ABA2800C026D1 /* Project object */ = {
			isa = PBXProject;
			attributes = {
				LastSwiftUpdateCheck = 1030;
				LastUpgradeCheck = 1030;
				ORGANIZATIONNAME = "Adrian Wyllie";
				TargetAttributes = {
					3AFEFD4A232ABA2800C026D1 = {
						CreatedOnToolsVersion = 10.3;
					};
				};
			};
			buildConfigurationList = 3AFEFD46232ABA2800C026D1 /* Build configuration list for PBXProject "openMic" */;
			compatibilityVersion = "Xcode 9.3";
			developmentRegion = en;
			hasScannedForEncodings = 0;
			knownRegions = (
				en,
				Base,
			);
			mainGroup = 3AFEFD42232ABA2800C026D1;
			productRefGroup = 3AFEFD4C232ABA2800C026D1 /* Products */;
			projectDirPath = "";
			projectRoot = "";
			targets = (
				3AFEFD4A232ABA2800C026D1 /* openMic */,
			);
		};
/* End PBXProject section */

/* Begin PBXResourcesBuildPhase section */
		3AFEFD49232ABA2800C026D1 /* Resources */ = {
			isa = PBXResourcesBuildPhase;
			buildActionMask = 2147483647;
			files = (
				3AFEFD59232ABA2900C026D1 /* LaunchScreen.storyboard in Resources */,
				3AFEFD56232ABA2900C026D1 /* Assets.xcassets in Resources */,
				3AFEFD54232ABA2800C026D1 /* Main.storyboard in Resources */,
			);
			runOnlyForDeploymentPostprocessing = 0;
		};
/* End PBXResourcesBuildPhase section */

/* Begin PBXShellScriptBuildPhase section */
		497434D1F8DE3AACBB4D5A4A /* [CP] Embed Pods Frameworks */ = {
			isa = PBXShellScriptBuildPhase;
			buildActionMask = 2147483647;
			files = (
			);
			inputFileListPaths = (
				"${PODS_ROOT}/Target Support Files/Pods-openMic/Pods-openMic-frameworks-${CONFIGURATION}-input-files.xcfilelist",
			);
			name = "[CP] Embed Pods Frameworks";
			outputFileListPaths = (
				"${PODS_ROOT}/Target Support Files/Pods-openMic/Pods-openMic-frameworks-${CONFIGURATION}-output-files.xcfilelist",
			);
			runOnlyForDeploymentPostprocessing = 0;
			shellPath = /bin/sh;
			shellScript = "\"${PODS_ROOT}/Target Support Files/Pods-openMic/Pods-openMic-frameworks.sh\"\n";
			showEnvVarsInLog = 0;
		};
		830572AADFC57FA1BBFB5222 /* [CP] Check Pods Manifest.lock */ = {
			isa = PBXShellScriptBuildPhase;
			buildActionMask = 2147483647;
			files = (
			);
			inputFileListPaths = (
			);
			inputPaths = (
				"${PODS_PODFILE_DIR_PATH}/Podfile.lock",
				"${PODS_ROOT}/Manifest.lock",
			);
			name = "[CP] Check Pods Manifest.lock";
			outputFileListPaths = (
			);
			outputPaths = (
				"$(DERIVED_FILE_DIR)/Pods-openMic-checkManifestLockResult.txt",
			);
			runOnlyForDeploymentPostprocessing = 0;
			shellPath = /bin/sh;
			shellScript = "diff \"${PODS_PODFILE_DIR_PATH}/Podfile.lock\" \"${PODS_ROOT}/Manifest.lock\" > /dev/null\nif [ $? != 0 ] ; then\n    # print error to STDERR\n    echo \"error: The sandbox is not in sync with the Podfile.lock. Run 'pod install' or update your CocoaPods installation.\" >&2\n    exit 1\nfi\n# This output is used by Xcode 'outputs' to avoid re-running this script phase.\necho \"SUCCESS\" > \"${SCRIPT_OUTPUT_FILE_0}\"\n";
			showEnvVarsInLog = 0;
		};
/* End PBXShellScriptBuildPhase section */

/* Begin PBXSourcesBuildPhase section */
		3AFEFD47232ABA2800C026D1 /* Sources */ = {
			isa = PBXSourcesBuildPhase;
			buildActionMask = 2147483647;
			files = (
				69B04E7B2346EE810077E809 /* SignUpViewController.swift in Sources */,
				3AFEFD51232ABA2800C026D1 /* ViewController.swift in Sources */,
				843316252341487000E6A66D /* TableViewCell.swift in Sources */,
				8440F19E23459F8C005387AC /* profilePage.swift in Sources */,
				843316232341485800E6A66D /* TableViewController.swift in Sources */,
				3AFEFD4F232ABA2800C026D1 /* AppDelegate.swift in Sources */,
				8440F1A02345AE11005387AC /* profilePageSettings.swift in Sources */,
				3A492734234275CF0083614A /* PostViewController.swift in Sources */,
			);
			runOnlyForDeploymentPostprocessing = 0;
		};
/* End PBXSourcesBuildPhase section */

/* Begin PBXVariantGroup section */
		3AFEFD52232ABA2800C026D1 /* Main.storyboard */ = {
			isa = PBXVariantGroup;
			children = (
				3AFEFD53232ABA2800C026D1 /* Base */,
			);
			name = Main.storyboard;
			sourceTree = "<group>";
		};
		3AFEFD57232ABA2900C026D1 /* LaunchScreen.storyboard */ = {
			isa = PBXVariantGroup;
			children = (
				3AFEFD58232ABA2900C026D1 /* Base */,
			);
			name = LaunchScreen.storyboard;
			sourceTree = "<group>";
		};
/* End PBXVariantGroup section */

/* Begin XCBuildConfiguration section */
		3AFEFD5B232ABA2900C026D1 /* Debug */ = {
			isa = XCBuildConfiguration;
			buildSettings = {
				ALWAYS_SEARCH_USER_PATHS = NO;
				CLANG_ANALYZER_NONNULL = YES;
				CLANG_ANALYZER_NUMBER_OBJECT_CONVERSION = YES_AGGRESSIVE;
				CLANG_CXX_LANGUAGE_STANDARD = "gnu++14";
				CLANG_CXX_LIBRARY = "libc++";
				CLANG_ENABLE_MODULES = YES;
				CLANG_ENABLE_OBJC_ARC = YES;
				CLANG_ENABLE_OBJC_WEAK = YES;
				CLANG_WARN_BLOCK_CAPTURE_AUTORELEASING = YES;
				CLANG_WARN_BOOL_CONVERSION = YES;
				CLANG_WARN_COMMA = YES;
				CLANG_WARN_CONSTANT_CONVERSION = YES;
				CLANG_WARN_DEPRECATED_OBJC_IMPLEMENTATIONS = YES;
				CLANG_WARN_DIRECT_OBJC_ISA_USAGE = YES_ERROR;
				CLANG_WARN_DOCUMENTATION_COMMENTS = YES;
				CLANG_WARN_EMPTY_BODY = YES;
				CLANG_WARN_ENUM_CONVERSION = YES;
				CLANG_WARN_INFINITE_RECURSION = YES;
				CLANG_WARN_INT_CONVERSION = YES;
				CLANG_WARN_NON_LITERAL_NULL_CONVERSION = YES;
				CLANG_WARN_OBJC_IMPLICIT_RETAIN_SELF = YES;
				CLANG_WARN_OBJC_LITERAL_CONVERSION = YES;
				CLANG_WARN_OBJC_ROOT_CLASS = YES_ERROR;
				CLANG_WARN_RANGE_LOOP_ANALYSIS = YES;
				CLANG_WARN_STRICT_PROTOTYPES = YES;
				CLANG_WARN_SUSPICIOUS_MOVE = YES;
				CLANG_WARN_UNGUARDED_AVAILABILITY = YES_AGGRESSIVE;
				CLANG_WARN_UNREACHABLE_CODE = YES;
				CLANG_WARN__DUPLICATE_METHOD_MATCH = YES;
				CODE_SIGN_IDENTITY = "iPhone Developer";
				COPY_PHASE_STRIP = NO;
				DEBUG_INFORMATION_FORMAT = dwarf;
				ENABLE_STRICT_OBJC_MSGSEND = YES;
				ENABLE_TESTABILITY = YES;
				GCC_C_LANGUAGE_STANDARD = gnu11;
				GCC_DYNAMIC_NO_PIC = NO;
				GCC_NO_COMMON_BLOCKS = YES;
				GCC_OPTIMIZATION_LEVEL = 0;
				GCC_PREPROCESSOR_DEFINITIONS = (
					"DEBUG=1",
					"$(inherited)",
				);
				GCC_WARN_64_TO_32_BIT_CONVERSION = YES;
				GCC_WARN_ABOUT_RETURN_TYPE = YES_ERROR;
				GCC_WARN_UNDECLARED_SELECTOR = YES;
				GCC_WARN_UNINITIALIZED_AUTOS = YES_AGGRESSIVE;
				GCC_WARN_UNUSED_FUNCTION = YES;
				GCC_WARN_UNUSED_VARIABLE = YES;
				IPHONEOS_DEPLOYMENT_TARGET = 12.4;
				MTL_ENABLE_DEBUG_INFO = INCLUDE_SOURCE;
				MTL_FAST_MATH = YES;
				ONLY_ACTIVE_ARCH = YES;
				SDKROOT = iphoneos;
				SWIFT_ACTIVE_COMPILATION_CONDITIONS = DEBUG;
				SWIFT_OPTIMIZATION_LEVEL = "-Onone";
			};
			name = Debug;
		};
		3AFEFD5C232ABA2900C026D1 /* Release */ = {
			isa = XCBuildConfiguration;
			buildSettings = {
				ALWAYS_SEARCH_USER_PATHS = NO;
				CLANG_ANALYZER_NONNULL = YES;
				CLANG_ANALYZER_NUMBER_OBJECT_CONVERSION = YES_AGGRESSIVE;
				CLANG_CXX_LANGUAGE_STANDARD = "gnu++14";
				CLANG_CXX_LIBRARY = "libc++";
				CLANG_ENABLE_MODULES = YES;
				CLANG_ENABLE_OBJC_ARC = YES;
				CLANG_ENABLE_OBJC_WEAK = YES;
				CLANG_WARN_BLOCK_CAPTURE_AUTORELEASING = YES;
				CLANG_WARN_BOOL_CONVERSION = YES;
				CLANG_WARN_COMMA = YES;
				CLANG_WARN_CONSTANT_CONVERSION = YES;
				CLANG_WARN_DEPRECATED_OBJC_IMPLEMENTATIONS = YES;
				CLANG_WARN_DIRECT_OBJC_ISA_USAGE = YES_ERROR;
				CLANG_WARN_DOCUMENTATION_COMMENTS = YES;
				CLANG_WARN_EMPTY_BODY = YES;
				CLANG_WARN_ENUM_CONVERSION = YES;
				CLANG_WARN_INFINITE_RECURSION = YES;
				CLANG_WARN_INT_CONVERSION = YES;
				CLANG_WARN_NON_LITERAL_NULL_CONVERSION = YES;
				CLANG_WARN_OBJC_IMPLICIT_RETAIN_SELF = YES;
				CLANG_WARN_OBJC_LITERAL_CONVERSION = YES;
				CLANG_WARN_OBJC_ROOT_CLASS = YES_ERROR;
				CLANG_WARN_RANGE_LOOP_ANALYSIS = YES;
				CLANG_WARN_STRICT_PROTOTYPES = YES;
				CLANG_WARN_SUSPICIOUS_MOVE = YES;
				CLANG_WARN_UNGUARDED_AVAILABILITY = YES_AGGRESSIVE;
				CLANG_WARN_UNREACHABLE_CODE = YES;
				CLANG_WARN__DUPLICATE_METHOD_MATCH = YES;
				CODE_SIGN_IDENTITY = "iPhone Developer";
				COPY_PHASE_STRIP = NO;
				DEBUG_INFORMATION_FORMAT = "dwarf-with-dsym";
				ENABLE_NS_ASSERTIONS = NO;
				ENABLE_STRICT_OBJC_MSGSEND = YES;
				GCC_C_LANGUAGE_STANDARD = gnu11;
				GCC_NO_COMMON_BLOCKS = YES;
				GCC_WARN_64_TO_32_BIT_CONVERSION = YES;
				GCC_WARN_ABOUT_RETURN_TYPE = YES_ERROR;
				GCC_WARN_UNDECLARED_SELECTOR = YES;
				GCC_WARN_UNINITIALIZED_AUTOS = YES_AGGRESSIVE;
				GCC_WARN_UNUSED_FUNCTION = YES;
				GCC_WARN_UNUSED_VARIABLE = YES;
				IPHONEOS_DEPLOYMENT_TARGET = 12.4;
				MTL_ENABLE_DEBUG_INFO = NO;
				MTL_FAST_MATH = YES;
				SDKROOT = iphoneos;
				SWIFT_COMPILATION_MODE = wholemodule;
				SWIFT_OPTIMIZATION_LEVEL = "-O";
				VALIDATE_PRODUCT = YES;
			};
			name = Release;
		};
		3AFEFD5E232ABA2900C026D1 /* Debug */ = {
			isa = XCBuildConfiguration;
			baseConfigurationReference = 85B34AB5C8DAB3C526B3A8FF /* Pods-openMic.debug.xcconfig */;
			buildSettings = {
				ASSETCATALOG_COMPILER_APPICON_NAME = AppIcon;
				CODE_SIGN_STYLE = Automatic;
				INFOPLIST_FILE = openMic/Info.plist;
				LD_RUNPATH_SEARCH_PATHS = (
					"$(inherited)",
					"@executable_path/Frameworks",
				);
				PRODUCT_BUNDLE_IDENTIFIER = net.dilex.openMic;
				PRODUCT_NAME = "$(TARGET_NAME)";
				SWIFT_VERSION = 5.0;
				TARGETED_DEVICE_FAMILY = "1,2";
			};
			name = Debug;
		};
		3AFEFD5F232ABA2900C026D1 /* Release */ = {
			isa = XCBuildConfiguration;
			baseConfigurationReference = 1B8E78768EDD8A4FDDC63FBB /* Pods-openMic.release.xcconfig */;
			buildSettings = {
				ASSETCATALOG_COMPILER_APPICON_NAME = AppIcon;
				CODE_SIGN_STYLE = Automatic;
				INFOPLIST_FILE = openMic/Info.plist;
				LD_RUNPATH_SEARCH_PATHS = (
					"$(inherited)",
					"@executable_path/Frameworks",
				);
				PRODUCT_BUNDLE_IDENTIFIER = net.dilex.openMic;
				PRODUCT_NAME = "$(TARGET_NAME)";
				SWIFT_VERSION = 5.0;
				TARGETED_DEVICE_FAMILY = "1,2";
			};
			name = Release;
		};
/* End XCBuildConfiguration section */

/* Begin XCConfigurationList section */
		3AFEFD46232ABA2800C026D1 /* Build configuration list for PBXProject "openMic" */ = {
			isa = XCConfigurationList;
			buildConfigurations = (
				3AFEFD5B232ABA2900C026D1 /* Debug */,
				3AFEFD5C232ABA2900C026D1 /* Release */,
			);
			defaultConfigurationIsVisible = 0;
			defaultConfigurationName = Release;
		};
		3AFEFD5D232ABA2900C026D1 /* Build configuration list for PBXNativeTarget "openMic" */ = {
			isa = XCConfigurationList;
			buildConfigurations = (
				3AFEFD5E232ABA2900C026D1 /* Debug */,
				3AFEFD5F232ABA2900C026D1 /* Release */,
			);
			defaultConfigurationIsVisible = 0;
			defaultConfigurationName = Release;
		};
/* End XCConfigurationList section */
	};
	rootObject = 3AFEFD43232ABA2800C026D1 /* Project object */;
}
